
Microsoft Visual Studio Solution File, Format Version 12.00
# Visual Studio Version 17
VisualStudioVersion = 17.2.32519.379
MinimumVisualStudioVersion = 10.0.40219.1
Project("{FAE04EC0-301F-11D3-BF4B-00C04F79EFBC}") = "SQL_Payroll_Service_33", "SQL_Payroll_Service_33\SQL_Payroll_Service_33.csproj", "{C3B669D8-78B5-4075-A6C4-823FCBCB49DE}"
EndProject
Global
	GlobalSection(SolutionConfigurationPlatforms) = preSolution
		Debug|Any CPU = Debug|Any CPU
		Release|Any CPU = Release|Any CPU
	EndGlobalSection
	GlobalSection(ProjectConfigurationPlatforms) = postSolution
		{C3B669D8-78B5-4075-A6C4-823FCBCB49DE}.Debug|Any CPU.ActiveCfg = Debug|Any CPU
		{C3B669D8-78B5-4075-A6C4-823FCBCB49DE}.Debug|Any CPU.Build.0 = Debug|Any CPU
		{C3B669D8-78B5-4075-A6C4-823FCBCB49DE}.Release|Any CPU.ActiveCfg = Release|Any CPU
		{C3B669D8-78B5-4075-A6C4-823FCBCB49DE}.Release|Any CPU.Build.0 = Release|Any CPU
	EndGlobalSection
	GlobalSection(SolutionProperties) = preSolution
		HideSolutionNode = FALSE
	EndGlobalSection
	GlobalSection(ExtensibilityGlobals) = postSolution
		SolutionGuid = {28D96640-D30B-47DD-9F14-7C40FBE2C282}
	EndGlobalSection
EndGlobal
